
Microsoft Visual Studio Solution File, Format Version 12.00
# Visual Studio Version 17
VisualStudioVersion = 17.0.32126.317
MinimumVisualStudioVersion = 10.0.40219.1
Project("{FAE04EC0-301F-11D3-BF4B-00C04F79EFBC}") = "GameServer", "GameServer\GameServer.csproj", "{B3BE442A-696B-4EA6-ACB0-D286D79559FB}"
EndProject
Global
	GlobalSection(SolutionConfigurationPlatforms) = preSolution
		Debug|Any CPU = Debug|Any CPU
		Release|Any CPU = Release|Any CPU
	EndGlobalSection
	GlobalSection(ProjectConfigurationPlatforms) = postSolution
		{B3BE442A-696B-4EA6-ACB0-D286D79559FB}.Debug|Any CPU.ActiveCfg = Debug|Any CPU
		{B3BE442A-696B-4EA6-ACB0-D286D79559FB}.Debug|Any CPU.Build.0 = Debug|Any CPU
		{B3BE442A-696B-4EA6-ACB0-D286D79559FB}.Release|Any CPU.ActiveCfg = Release|Any CPU
		{B3BE442A-696B-4EA6-ACB0-D286D79559FB}.Release|Any CPU.Build.0 = Release|Any CPU
	EndGlobalSection
	GlobalSection(SolutionProperties) = preSolution
		HideSolutionNode = FALSE
	EndGlobalSection
	GlobalSection(ExtensibilityGlobals) = postSolution
		SolutionGuid = {4F394BD4-915F-48E8-88D8-87BA69065AD7}
	EndGlobalSection
EndGlobal
